
Microsoft Visual Studio Solution File, Format Version 12.00
# Visual Studio 2012
Project("{FAE04EC0-301F-11D3-BF4B-00C04F79EFBC}") = "Agenda.View", "Agenda.View\Agenda.View.csproj", "{AF204E2F-291A-4030-AA54-18E780CEA0E1}"
EndProject
Project("{FAE04EC0-301F-11D3-BF4B-00C04F79EFBC}") = "Agenda.Core", "Agenda.Core\Agenda.Core.csproj", "{3A0A3694-7EB6-452A-9037-737513CA291B}"
EndProject
Project("{FAE04EC0-301F-11D3-BF4B-00C04F79EFBC}") = "Agenda.Entity", "Agenda.Entity\Agenda.Entity.csproj", "{97910237-73F2-41D7-A832-2E188F406768}"
EndProject
Global
	GlobalSection(SolutionConfigurationPlatforms) = preSolution
		Debug|Any CPU = Debug|Any CPU
		Release|Any CPU = Release|Any CPU
	EndGlobalSection
	GlobalSection(ProjectConfigurationPlatforms) = postSolution
		{AF204E2F-291A-4030-AA54-18E780CEA0E1}.Debug|Any CPU.ActiveCfg = Debug|Any CPU
		{AF204E2F-291A-4030-AA54-18E780CEA0E1}.Debug|Any CPU.Build.0 = Debug|Any CPU
		{AF204E2F-291A-4030-AA54-18E780CEA0E1}.Release|Any CPU.ActiveCfg = Release|Any CPU
		{AF204E2F-291A-4030-AA54-18E780CEA0E1}.Release|Any CPU.Build.0 = Release|Any CPU
		{3A0A3694-7EB6-452A-9037-737513CA291B}.Debug|Any CPU.ActiveCfg = Debug|Any CPU
		{3A0A3694-7EB6-452A-9037-737513CA291B}.Debug|Any CPU.Build.0 = Debug|Any CPU
		{3A0A3694-7EB6-452A-9037-737513CA291B}.Release|Any CPU.ActiveCfg = Release|Any CPU
		{3A0A3694-7EB6-452A-9037-737513CA291B}.Release|Any CPU.Build.0 = Release|Any CPU
		{97910237-73F2-41D7-A832-2E188F406768}.Debug|Any CPU.ActiveCfg = Debug|Any CPU
		{97910237-73F2-41D7-A832-2E188F406768}.Debug|Any CPU.Build.0 = Debug|Any CPU
		{97910237-73F2-41D7-A832-2E188F406768}.Release|Any CPU.ActiveCfg = Release|Any CPU
		{97910237-73F2-41D7-A832-2E188F406768}.Release|Any CPU.Build.0 = Release|Any CPU
	EndGlobalSection
	GlobalSection(SolutionProperties) = preSolution
		HideSolutionNode = FALSE
	EndGlobalSection
EndGlobal
